{
  "version": 4,
  "terraform_version": "1.8.0",
  "serial": 40,
  "lineage": "926db81b-aff6-4667-15c5-5882a6e93b9b",
  "outputs": {},
  "resources": [
    {
      "mode": "managed",
      "type": "aws_key_pair",
      "name": "web",
      "provider": "provider[\"registry.terraform.io/hashicorp/aws\"]",
      "instances": [
        {
          "schema_version": 1,
          "attributes": {
            "arn": "arn:aws:ec2:us-west-1:471112564739:key-pair/1",
            "fingerprint": "34:08:05:33:e1:c5:12:8d:b7:75:ce:7a:26:b4:3f:3c",
            "id": "1",
            "key_name": "1",
            "key_name_prefix": "",
            "key_pair_id": "key-0953a50978f292eef",
            "key_type": "rsa",
            "public_key": "ssh-rsa AAAAB3NzaC1yc2EAAAADAQABAAABgQCP7/NVOgmKJ5Hv9V1j7WYiK5g71Y6zyotCkNI/ez9snbKid49yn8gW0Un/ZnWTReRopKtXx/sZ38voXcV9F6E6ZQ/WzINKR+Fx8OP2N3kRGnlq5HoXz8WtBDuiZk60nshOiPYgPbwJ3yJCyVmL+IpS3nNQ7XR7RuyA8rzCj+8dgECLSr0n/YgDTy/K6oxV+R7qh3vXjcw1KtQa/pUDO63mfNSkmb99FUzdlpigU7LuT8NFfo45fV4yfrmFkCwXZQxz+TvK7doUP9mGD49hkDO+Jc0LVe/3dZozhwMeJrNGbUYSiMjsCHZvtoH/p2UAhXta70fHYy3t8IT3/TS9/A/TkWCFJ+JHMEPbrrR1wU9uQZsJ4wVZR3LzuQj8rqKyWJAOvhJXWy8b4nWEHveFy7pTWpq2Rt+ECjbPWbLN5BxX49+yin4g5cVoq3sQCjjaLopd/Eoy1PsAYWvJAU2zz57Zy+IMDXbJ9moKI07ujBUK4HK8gBJR9Vw4tWrnmSCsQK8= ec2-user@ip-172-31-28-53.us-west-2.compute.internal",
            "tags": {},
            "tags_all": {}
          },
          "sensitive_attributes": [],
          "private": "eyJzY2hlbWFfdmVyc2lvbiI6IjEifQ=="
        }
      ]
    },
    {
      "mode": "managed",
      "type": "aws_security_group",
      "name": "allow_tls",
      "provider": "provider[\"registry.terraform.io/hashicorp/aws\"]",
      "instances": [
        {
          "schema_version": 1,
          "attributes": {
            "arn": "arn:aws:ec2:us-west-1:471112564739:security-group/sg-0930b530c50f53194",
            "description": "Allow TLS inbound traffic",
            "egress": [
              {
                "cidr_blocks": [
                  "0.0.0.0/0"
                ],
                "description": "",
                "from_port": 0,
                "ipv6_cidr_blocks": [],
                "prefix_list_ids": [],
                "protocol": "-1",
                "security_groups": [],
                "self": false,
                "to_port": 0
              }
            ],
            "id": "sg-0930b530c50f53194",
            "ingress": [
              {
                "cidr_blocks": [
                  "0.0.0.0/0"
                ],
                "description": "TLS from VPC",
                "from_port": 22,
                "ipv6_cidr_blocks": [],
                "prefix_list_ids": [],
                "protocol": "tcp",
                "security_groups": [],
                "self": false,
                "to_port": 22
              },
              {
                "cidr_blocks": [
                  "0.0.0.0/0"
                ],
                "description": "TLS from VPC",
                "from_port": 443,
                "ipv6_cidr_blocks": [],
                "prefix_list_ids": [],
                "protocol": "tcp",
                "security_groups": [],
                "self": false,
                "to_port": 443
              },
              {
                "cidr_blocks": [
                  "0.0.0.0/0"
                ],
                "description": "TLS from VPC",
                "from_port": 80,
                "ipv6_cidr_blocks": [],
                "prefix_list_ids": [],
                "protocol": "tcp",
                "security_groups": [],
                "self": false,
                "to_port": 80
              }
            ],
            "name": "allow_tls",
            "name_prefix": "",
            "owner_id": "471112564739",
            "revoke_rules_on_delete": false,
            "tags": {
              "Name": "allow-tls"
            },
            "tags_all": {
              "Name": "allow-tls"
            },
            "timeouts": null,
            "vpc_id": "vpc-02bce60749240b4ba"
          },
          "sensitive_attributes": [],
          "private": "eyJlMmJmYjczMC1lY2FhLTExZTYtOGY4OC0zNDM2M2JjN2M0YzAiOnsiY3JlYXRlIjo2MDAwMDAwMDAwMDAsImRlbGV0ZSI6OTAwMDAwMDAwMDAwfSwic2NoZW1hX3ZlcnNpb24iOiIxIn0="
        }
      ]
    }
  ],
  "check_results": null
}
